
Microsoft Visual Studio Solution File, Format Version 12.00
# Visual Studio Version 16
VisualStudioVersion = 16.0.31424.327
MinimumVisualStudioVersion = 10.0.40219.1
Project("{FAE04EC0-301F-11D3-BF4B-00C04F79EFBC}") = "OOP_Lab1_Budnik_053503", "OOP_Lab1_Budnik_053503.csproj", "{C0E9FD8F-4A5F-4DB6-A6FE-55980804FDB4}"
EndProject
Global
	GlobalSection(SolutionConfigurationPlatforms) = preSolution
		Debug|Any CPU = Debug|Any CPU
		Release|Any CPU = Release|Any CPU
	EndGlobalSection
	GlobalSection(ProjectConfigurationPlatforms) = postSolution
		{C0E9FD8F-4A5F-4DB6-A6FE-55980804FDB4}.Debug|Any CPU.ActiveCfg = Debug|Any CPU
		{C0E9FD8F-4A5F-4DB6-A6FE-55980804FDB4}.Debug|Any CPU.Build.0 = Debug|Any CPU
		{C0E9FD8F-4A5F-4DB6-A6FE-55980804FDB4}.Release|Any CPU.ActiveCfg = Release|Any CPU
		{C0E9FD8F-4A5F-4DB6-A6FE-55980804FDB4}.Release|Any CPU.Build.0 = Release|Any CPU
	EndGlobalSection
	GlobalSection(SolutionProperties) = preSolution
		HideSolutionNode = FALSE
	EndGlobalSection
	GlobalSection(ExtensibilityGlobals) = postSolution
		SolutionGuid = {203EC996-67E6-46C4-8818-C35CBBCDCDF4}
	EndGlobalSection
EndGlobal
